
Microsoft Visual Studio Solution File, Format Version 12.00
# Visual Studio Version 16
VisualStudioVersion = 16.0.29709.97
MinimumVisualStudioVersion = 10.0.40219.1
Project("{9A19103F-16F7-4668-BE54-9A1E7A4F7556}") = "Reload", "Reload\Reload.csproj", "{D0148C24-94FC-4A18-BC86-CF9C003CFDA3}"
EndProject
Project("{2150E333-8FDC-42A3-9474-1A3956D46DE8}") = "Engine", "Engine", "{A2BD77B1-9205-41CB-88A9-AA23BAA958B8}"
EndProject
Project("{9A19103F-16F7-4668-BE54-9A1E7A4F7556}") = "Engine.Configuration", "Engine.Configuration\Engine.Configuration.csproj", "{FC84C9C0-DE16-4E1B-B129-EB9615064018}"
EndProject
Project("{2150E333-8FDC-42A3-9474-1A3956D46DE8}") = "Tests", "Tests", "{1F3B1BD4-5C3A-4042-83A2-5F35DA8F4FBC}"
EndProject
Project("{2150E333-8FDC-42A3-9474-1A3956D46DE8}") = "Engine", "Engine", "{7988C6AA-AF9F-4B30-9EF0-62DAF79941F5}"
EndProject
Project("{9A19103F-16F7-4668-BE54-9A1E7A4F7556}") = "Engine.Configuration.Tests", "Engine.Configuration.Tests\Engine.Configuration.Tests.csproj", "{459B9074-2FFF-43A5-82AA-FE98AFCC826D}"
EndProject
Project("{9A19103F-16F7-4668-BE54-9A1E7A4F7556}") = "Engine.Utilities", "Engine.Utilities\Engine.Utilities.csproj", "{D493732D-9761-4EC8-8284-65474A95182E}"
EndProject
Project("{9A19103F-16F7-4668-BE54-9A1E7A4F7556}") = "Engine.Core", "Engine.Core\Engine.Core.csproj", "{EC41B60E-A41F-49F3-8495-EAE4768CC480}"
EndProject
Project("{9A19103F-16F7-4668-BE54-9A1E7A4F7556}") = "Engine.Libraries", "Engine.Libraries\Engine.Libraries.csproj", "{69562D45-D440-4D82-A7FD-5B4140F3CA40}"
EndProject
Project("{2150E333-8FDC-42A3-9474-1A3956D46DE8}") = "System", "System", "{C3077845-4F14-4822-9F33-FD3DAA231E04}"
EndProject
Project("{9A19103F-16F7-4668-BE54-9A1E7A4F7556}") = "Engine.Audio", "Engine.Audio\Engine.Audio.csproj", "{7ECCF1D8-2804-42E6-BF89-9E5B3FED6663}"
EndProject
Project("{9A19103F-16F7-4668-BE54-9A1E7A4F7556}") = "Engine.Audio.Tests", "Engine.Audio.Tests\Engine.Audio.Tests.csproj", "{670C0A6B-458D-4828-BD64-137381709560}"
EndProject
Project("{9A19103F-16F7-4668-BE54-9A1E7A4F7556}") = "Engine.AssetPipeline", "Engine.AssetPipeline\Engine.AssetPipeline.csproj", "{C30176A4-5C2A-4AB3-8F69-68C3A365C79A}"
EndProject
Project("{9A19103F-16F7-4668-BE54-9A1E7A4F7556}") = "Engine.Graphics", "Engine.Graphics\Engine.Graphics.csproj", "{4D682D92-35CF-4AD7-B85A-FFD09C0C45FB}"
EndProject
Project("{9A19103F-16F7-4668-BE54-9A1E7A4F7556}") = "Engine.Input", "Engine.Input\Engine.Input.csproj", "{B42AF6E9-C15E-4EBA-AD72-B575AC7B8813}"
EndProject
Project("{9A19103F-16F7-4668-BE54-9A1E7A4F7556}") = "Engine.Graphics.Tests", "Engine.Graphics.Tests\Engine.Graphics.Tests.csproj", "{4640F07C-06C3-4249-8323-1740E03E0E58}"
EndProject
Project("{FAE04EC0-301F-11D3-BF4B-00C04F79EFBC}") = "Engine.Input.Tests", "Engine.Input.Tests\Engine.Input.Tests.csproj", "{7206F159-63D0-45C7-8C65-5FEB0583640C}"
EndProject
Project("{2150E333-8FDC-42A3-9474-1A3956D46DE8}") = "System", "System", "{E2B849D7-91C7-4FE1-8048-C25BB5493BFE}"
EndProject
Project("{FAE04EC0-301F-11D3-BF4B-00C04F79EFBC}") = "Engine.AssetPipeline.Tests", "Engine.AssetPipeline.Tests\Engine.AssetPipeline.Tests.csproj", "{BFEDF70C-1433-40A6-B6F6-E75F1828611C}"
EndProject
Project("{FAE04EC0-301F-11D3-BF4B-00C04F79EFBC}") = "Engine.Core.Tests", "Engine.Core.Tests\Engine.Core.Tests.csproj", "{475DB916-5062-46FA-B536-741C7AB720D8}"
EndProject
Project("{FAE04EC0-301F-11D3-BF4B-00C04F79EFBC}") = "Engine.Utilities.Tests", "Engine.Utilities.Tests\Engine.Utilities.Tests.csproj", "{E61D690D-E8D3-4D62-A00F-253E19AC0FE0}"
EndProject
Global
	GlobalSection(SolutionConfigurationPlatforms) = preSolution
		Debug|Any CPU = Debug|Any CPU
		Release|Any CPU = Release|Any CPU
	EndGlobalSection
	GlobalSection(ProjectConfigurationPlatforms) = postSolution
		{D0148C24-94FC-4A18-BC86-CF9C003CFDA3}.Debug|Any CPU.ActiveCfg = Debug|Any CPU
		{D0148C24-94FC-4A18-BC86-CF9C003CFDA3}.Debug|Any CPU.Build.0 = Debug|Any CPU
		{D0148C24-94FC-4A18-BC86-CF9C003CFDA3}.Release|Any CPU.ActiveCfg = Release|Any CPU
		{D0148C24-94FC-4A18-BC86-CF9C003CFDA3}.Release|Any CPU.Build.0 = Release|Any CPU
		{FC84C9C0-DE16-4E1B-B129-EB9615064018}.Debug|Any CPU.ActiveCfg = Debug|Any CPU
		{FC84C9C0-DE16-4E1B-B129-EB9615064018}.Debug|Any CPU.Build.0 = Debug|Any CPU
		{FC84C9C0-DE16-4E1B-B129-EB9615064018}.Release|Any CPU.ActiveCfg = Release|Any CPU
		{FC84C9C0-DE16-4E1B-B129-EB9615064018}.Release|Any CPU.Build.0 = Release|Any CPU
		{459B9074-2FFF-43A5-82AA-FE98AFCC826D}.Debug|Any CPU.ActiveCfg = Debug|Any CPU
		{459B9074-2FFF-43A5-82AA-FE98AFCC826D}.Debug|Any CPU.Build.0 = Debug|Any CPU
		{459B9074-2FFF-43A5-82AA-FE98AFCC826D}.Release|Any CPU.ActiveCfg = Release|Any CPU
		{459B9074-2FFF-43A5-82AA-FE98AFCC826D}.Release|Any CPU.Build.0 = Release|Any CPU
		{D493732D-9761-4EC8-8284-65474A95182E}.Debug|Any CPU.ActiveCfg = Debug|Any CPU
		{D493732D-9761-4EC8-8284-65474A95182E}.Debug|Any CPU.Build.0 = Debug|Any CPU
		{D493732D-9761-4EC8-8284-65474A95182E}.Release|Any CPU.ActiveCfg = Release|Any CPU
		{D493732D-9761-4EC8-8284-65474A95182E}.Release|Any CPU.Build.0 = Release|Any CPU
		{EC41B60E-A41F-49F3-8495-EAE4768CC480}.Debug|Any CPU.ActiveCfg = Debug|Any CPU
		{EC41B60E-A41F-49F3-8495-EAE4768CC480}.Debug|Any CPU.Build.0 = Debug|Any CPU
		{EC41B60E-A41F-49F3-8495-EAE4768CC480}.Release|Any CPU.ActiveCfg = Release|Any CPU
		{EC41B60E-A41F-49F3-8495-EAE4768CC480}.Release|Any CPU.Build.0 = Release|Any CPU
		{69562D45-D440-4D82-A7FD-5B4140F3CA40}.Debug|Any CPU.ActiveCfg = Debug|Any CPU
		{69562D45-D440-4D82-A7FD-5B4140F3CA40}.Debug|Any CPU.Build.0 = Debug|Any CPU
		{69562D45-D440-4D82-A7FD-5B4140F3CA40}.Release|Any CPU.ActiveCfg = Release|Any CPU
		{69562D45-D440-4D82-A7FD-5B4140F3CA40}.Release|Any CPU.Build.0 = Release|Any CPU
		{7ECCF1D8-2804-42E6-BF89-9E5B3FED6663}.Debug|Any CPU.ActiveCfg = Debug|Any CPU
		{7ECCF1D8-2804-42E6-BF89-9E5B3FED6663}.Debug|Any CPU.Build.0 = Debug|Any CPU
		{7ECCF1D8-2804-42E6-BF89-9E5B3FED6663}.Release|Any CPU.ActiveCfg = Release|Any CPU
		{7ECCF1D8-2804-42E6-BF89-9E5B3FED6663}.Release|Any CPU.Build.0 = Release|Any CPU
		{670C0A6B-458D-4828-BD64-137381709560}.Debug|Any CPU.ActiveCfg = Debug|Any CPU
		{670C0A6B-458D-4828-BD64-137381709560}.Debug|Any CPU.Build.0 = Debug|Any CPU
		{670C0A6B-458D-4828-BD64-137381709560}.Release|Any CPU.ActiveCfg = Release|Any CPU
		{670C0A6B-458D-4828-BD64-137381709560}.Release|Any CPU.Build.0 = Release|Any CPU
		{C30176A4-5C2A-4AB3-8F69-68C3A365C79A}.Debug|Any CPU.ActiveCfg = Debug|Any CPU
		{C30176A4-5C2A-4AB3-8F69-68C3A365C79A}.Debug|Any CPU.Build.0 = Debug|Any CPU
		{C30176A4-5C2A-4AB3-8F69-68C3A365C79A}.Release|Any CPU.ActiveCfg = Release|Any CPU
		{C30176A4-5C2A-4AB3-8F69-68C3A365C79A}.Release|Any CPU.Build.0 = Release|Any CPU
		{4D682D92-35CF-4AD7-B85A-FFD09C0C45FB}.Debug|Any CPU.ActiveCfg = Debug|Any CPU
		{4D682D92-35CF-4AD7-B85A-FFD09C0C45FB}.Debug|Any CPU.Build.0 = Debug|Any CPU
		{4D682D92-35CF-4AD7-B85A-FFD09C0C45FB}.Release|Any CPU.ActiveCfg = Release|Any CPU
		{4D682D92-35CF-4AD7-B85A-FFD09C0C45FB}.Release|Any CPU.Build.0 = Release|Any CPU
		{B42AF6E9-C15E-4EBA-AD72-B575AC7B8813}.Debug|Any CPU.ActiveCfg = Debug|Any CPU
		{B42AF6E9-C15E-4EBA-AD72-B575AC7B8813}.Debug|Any CPU.Build.0 = Debug|Any CPU
		{B42AF6E9-C15E-4EBA-AD72-B575AC7B8813}.Release|Any CPU.ActiveCfg = Release|Any CPU
		{B42AF6E9-C15E-4EBA-AD72-B575AC7B8813}.Release|Any CPU.Build.0 = Release|Any CPU
		{4640F07C-06C3-4249-8323-1740E03E0E58}.Debug|Any CPU.ActiveCfg = Debug|Any CPU
		{4640F07C-06C3-4249-8323-1740E03E0E58}.Debug|Any CPU.Build.0 = Debug|Any CPU
		{4640F07C-06C3-4249-8323-1740E03E0E58}.Release|Any CPU.ActiveCfg = Release|Any CPU
		{4640F07C-06C3-4249-8323-1740E03E0E58}.Release|Any CPU.Build.0 = Release|Any CPU
		{7206F159-63D0-45C7-8C65-5FEB0583640C}.Debug|Any CPU.ActiveCfg = Debug|Any CPU
		{7206F159-63D0-45C7-8C65-5FEB0583640C}.Debug|Any CPU.Build.0 = Debug|Any CPU
		{7206F159-63D0-45C7-8C65-5FEB0583640C}.Release|Any CPU.ActiveCfg = Release|Any CPU
		{7206F159-63D0-45C7-8C65-5FEB0583640C}.Release|Any CPU.Build.0 = Release|Any CPU
		{BFEDF70C-1433-40A6-B6F6-E75F1828611C}.Debug|Any CPU.ActiveCfg = Debug|Any CPU
		{BFEDF70C-1433-40A6-B6F6-E75F1828611C}.Debug|Any CPU.Build.0 = Debug|Any CPU
		{BFEDF70C-1433-40A6-B6F6-E75F1828611C}.Release|Any CPU.ActiveCfg = Release|Any CPU
		{BFEDF70C-1433-40A6-B6F6-E75F1828611C}.Release|Any CPU.Build.0 = Release|Any CPU
		{475DB916-5062-46FA-B536-741C7AB720D8}.Debug|Any CPU.ActiveCfg = Debug|Any CPU
		{475DB916-5062-46FA-B536-741C7AB720D8}.Debug|Any CPU.Build.0 = Debug|Any CPU
		{475DB916-5062-46FA-B536-741C7AB720D8}.Release|Any CPU.ActiveCfg = Release|Any CPU
		{475DB916-5062-46FA-B536-741C7AB720D8}.Release|Any CPU.Build.0 = Release|Any CPU
		{E61D690D-E8D3-4D62-A00F-253E19AC0FE0}.Debug|Any CPU.ActiveCfg = Debug|Any CPU
		{E61D690D-E8D3-4D62-A00F-253E19AC0FE0}.Debug|Any CPU.Build.0 = Debug|Any CPU
		{E61D690D-E8D3-4D62-A00F-253E19AC0FE0}.Release|Any CPU.ActiveCfg = Release|Any CPU
		{E61D690D-E8D3-4D62-A00F-253E19AC0FE0}.Release|Any CPU.Build.0 = Release|Any CPU
	EndGlobalSection
	GlobalSection(SolutionProperties) = preSolution
		HideSolutionNode = FALSE
	EndGlobalSection
	GlobalSection(NestedProjects) = preSolution
		{FC84C9C0-DE16-4E1B-B129-EB9615064018} = {A2BD77B1-9205-41CB-88A9-AA23BAA958B8}
		{7988C6AA-AF9F-4B30-9EF0-62DAF79941F5} = {1F3B1BD4-5C3A-4042-83A2-5F35DA8F4FBC}
		{459B9074-2FFF-43A5-82AA-FE98AFCC826D} = {7988C6AA-AF9F-4B30-9EF0-62DAF79941F5}
		{D493732D-9761-4EC8-8284-65474A95182E} = {A2BD77B1-9205-41CB-88A9-AA23BAA958B8}
		{EC41B60E-A41F-49F3-8495-EAE4768CC480} = {A2BD77B1-9205-41CB-88A9-AA23BAA958B8}
		{69562D45-D440-4D82-A7FD-5B4140F3CA40} = {A2BD77B1-9205-41CB-88A9-AA23BAA958B8}
		{C3077845-4F14-4822-9F33-FD3DAA231E04} = {A2BD77B1-9205-41CB-88A9-AA23BAA958B8}
		{7ECCF1D8-2804-42E6-BF89-9E5B3FED6663} = {C3077845-4F14-4822-9F33-FD3DAA231E04}
		{670C0A6B-458D-4828-BD64-137381709560} = {E2B849D7-91C7-4FE1-8048-C25BB5493BFE}
		{C30176A4-5C2A-4AB3-8F69-68C3A365C79A} = {A2BD77B1-9205-41CB-88A9-AA23BAA958B8}
		{4D682D92-35CF-4AD7-B85A-FFD09C0C45FB} = {C3077845-4F14-4822-9F33-FD3DAA231E04}
		{B42AF6E9-C15E-4EBA-AD72-B575AC7B8813} = {C3077845-4F14-4822-9F33-FD3DAA231E04}
		{4640F07C-06C3-4249-8323-1740E03E0E58} = {E2B849D7-91C7-4FE1-8048-C25BB5493BFE}
		{7206F159-63D0-45C7-8C65-5FEB0583640C} = {E2B849D7-91C7-4FE1-8048-C25BB5493BFE}
		{E2B849D7-91C7-4FE1-8048-C25BB5493BFE} = {7988C6AA-AF9F-4B30-9EF0-62DAF79941F5}
		{BFEDF70C-1433-40A6-B6F6-E75F1828611C} = {7988C6AA-AF9F-4B30-9EF0-62DAF79941F5}
		{475DB916-5062-46FA-B536-741C7AB720D8} = {7988C6AA-AF9F-4B30-9EF0-62DAF79941F5}
		{E61D690D-E8D3-4D62-A00F-253E19AC0FE0} = {7988C6AA-AF9F-4B30-9EF0-62DAF79941F5}
	EndGlobalSection
	GlobalSection(ExtensibilityGlobals) = postSolution
		SolutionGuid = {A519BFB5-B378-4C0B-B29E-095A0C925278}
	EndGlobalSection
EndGlobal
