
Microsoft Visual Studio Solution File, Format Version 12.00
# Visual Studio Version 16
VisualStudioVersion = 16.0.29709.97
MinimumVisualStudioVersion = 10.0.40219.1
Project("{2150E333-8FDC-42A3-9474-1A3956D46DE8}") = "Engine", "Engine", "{A2BD77B1-9205-41CB-88A9-AA23BAA958B8}"
EndProject
Project("{2150E333-8FDC-42A3-9474-1A3956D46DE8}") = "Tests", "Tests", "{1F3B1BD4-5C3A-4042-83A2-5F35DA8F4FBC}"
EndProject
Project("{9A19103F-16F7-4668-BE54-9A1E7A4F7556}") = "_build", "build\_build.csproj", "{A7DC76C5-964C-4463-8BAD-AFBAB3F07846}"
EndProject
Project("{2150E333-8FDC-42A3-9474-1A3956D46DE8}") = "Games", "Games", "{9356B9C3-71C7-4E68-9C16-FD00085FD8D5}"
EndProject
Project("{2150E333-8FDC-42A3-9474-1A3956D46DE8}") = "Runtime", "Runtime", "{FB98081B-CA4B-461E-9FA3-2F1085E295CB}"
EndProject
Project("{2150E333-8FDC-42A3-9474-1A3956D46DE8}") = "Core", "Core", "{AF88642A-CD9E-4DDD-9663-AA2F6B14727F}"
EndProject
Project("{9A19103F-16F7-4668-BE54-9A1E7A4F7556}") = "Reload.Input", "Runtime\Reload.Input\Reload.Input.csproj", "{F0D38EBF-8EED-4EFD-A3F1-CC1C711551FB}"
EndProject
Project("{9A19103F-16F7-4668-BE54-9A1E7A4F7556}") = "Reload.Core", "Core\Reload.Core\Reload.Core.csproj", "{800BC73B-1572-4FF7-AD6F-5ACC759A5BE2}"
EndProject
Project("{9A19103F-16F7-4668-BE54-9A1E7A4F7556}") = "Reload.Core.IO", "Core\Reload.Core.IO\Reload.Core.IO.csproj", "{2A0C2468-EFB8-4848-9961-6D81C7DE865B}"
EndProject
Project("{9A19103F-16F7-4668-BE54-9A1E7A4F7556}") = "Reload.Core.Serialization", "Core\Reload.Core.Serialization\Reload.Core.Serialization.csproj", "{55B1A6B9-A4BE-4D76-A57B-75305597E9F9}"
EndProject
Project("{9A19103F-16F7-4668-BE54-9A1E7A4F7556}") = "Reload.Core.DA", "Core\Reload.Core.DA\Reload.Core.DA.csproj", "{72FF93CD-90D2-4B44-BE72-A99047B13FD7}"
EndProject
Project("{9A19103F-16F7-4668-BE54-9A1E7A4F7556}") = "Reload.Engine", "Runtime\Reload.Engine\Reload.Engine.csproj", "{1F86F54A-4975-48CB-B7A3-B6EBB3048797}"
EndProject
Project("{9A19103F-16F7-4668-BE54-9A1E7A4F7556}") = "Reload.Physics", "Runtime\Reload.Physics\Reload.Physics.csproj", "{B9EB4FFF-C53F-4619-B826-AE58CCBA30E8}"
EndProject
Project("{9A19103F-16F7-4668-BE54-9A1E7A4F7556}") = "Reload.Rendering", "Runtime\Reload.Rendering\Reload.Rendering.csproj", "{8285CBFB-2588-4D31-9930-95F2455F6F62}"
EndProject
Project("{9A19103F-16F7-4668-BE54-9A1E7A4F7556}") = "Reload.Graphics", "Runtime\Reload.Graphics\Reload.Graphics.csproj", "{8E8D5745-80D8-439C-A533-9862B2ABB35A}"
EndProject
Project("{9A19103F-16F7-4668-BE54-9A1E7A4F7556}") = "Reload.Gameplay", "Runtime\Reload.Gameplay\Reload.Gameplay.csproj", "{DBD5DDB0-900B-46F9-ABB6-E15F26B989BF}"
EndProject
Project("{9A19103F-16F7-4668-BE54-9A1E7A4F7556}") = "Reload.UI", "Runtime\Reload.UI\Reload.UI.csproj", "{DB3175EF-B05C-479E-832A-734586562C41}"
EndProject
Project("{2150E333-8FDC-42A3-9474-1A3956D46DE8}") = "Tests", "Tests", "{E70BB15A-D822-48B6-9DBD-E17C84BA9B84}"
EndProject
Project("{9A19103F-16F7-4668-BE54-9A1E7A4F7556}") = "Reload.Audio", "Runtime\Reload.Audio\Reload.Audio.csproj", "{B27465BC-2B16-4284-B3A2-171F122F5B59}"
EndProject
Project("{9A19103F-16F7-4668-BE54-9A1E7A4F7556}") = "Reload.Assets", "Runtime\Reload.Assets\Reload.Assets.csproj", "{A6BD2BE4-DA24-496F-9A68-6EDFD9EE74A5}"
EndProject
Project("{9A19103F-16F7-4668-BE54-9A1E7A4F7556}") = "Reload.Configuration", "Reload.Configuration\Reload.Configuration.csproj", "{8C5E2AAF-A172-45B0-9E07-A5A91F2CD26B}"
EndProject
Project("{2150E333-8FDC-42A3-9474-1A3956D46DE8}") = "Runtime", "Runtime", "{F56EAE9F-FBF1-4F90-A7D4-86BBEC6D942B}"
EndProject
Project("{9A19103F-16F7-4668-BE54-9A1E7A4F7556}") = "Reload.Audio.Tests", "Tests\Runtime\Reload.Audio.Tests\Reload.Audio.Tests.csproj", "{03569BDB-6C29-43DE-ADB1-B3622D0BF61C}"
EndProject
Project("{FAE04EC0-301F-11D3-BF4B-00C04F79EFBC}") = "Reload.Graphics.Tests", "Tests\Runtime\Reload.Graphics.Tests\Reload.Graphics.Tests.csproj", "{F2A40F36-48D8-4270-BDA8-FD28868BF0EF}"
EndProject
Project("{FAE04EC0-301F-11D3-BF4B-00C04F79EFBC}") = "Reload.Game", "Games\Reload.Game\Reload.Game.csproj", "{C69284D3-4016-44F6-BA81-41F85E09F2A5}"
EndProject
Global
	GlobalSection(SolutionConfigurationPlatforms) = preSolution
		Debug|Any CPU = Debug|Any CPU
		Release|Any CPU = Release|Any CPU
	EndGlobalSection
	GlobalSection(ProjectConfigurationPlatforms) = postSolution
		{A7DC76C5-964C-4463-8BAD-AFBAB3F07846}.Debug|Any CPU.ActiveCfg = Debug|Any CPU
		{A7DC76C5-964C-4463-8BAD-AFBAB3F07846}.Release|Any CPU.ActiveCfg = Release|Any CPU
		{F0D38EBF-8EED-4EFD-A3F1-CC1C711551FB}.Debug|Any CPU.ActiveCfg = Debug|Any CPU
		{F0D38EBF-8EED-4EFD-A3F1-CC1C711551FB}.Debug|Any CPU.Build.0 = Debug|Any CPU
		{F0D38EBF-8EED-4EFD-A3F1-CC1C711551FB}.Release|Any CPU.ActiveCfg = Release|Any CPU
		{F0D38EBF-8EED-4EFD-A3F1-CC1C711551FB}.Release|Any CPU.Build.0 = Release|Any CPU
		{800BC73B-1572-4FF7-AD6F-5ACC759A5BE2}.Debug|Any CPU.ActiveCfg = Debug|Any CPU
		{800BC73B-1572-4FF7-AD6F-5ACC759A5BE2}.Debug|Any CPU.Build.0 = Debug|Any CPU
		{800BC73B-1572-4FF7-AD6F-5ACC759A5BE2}.Release|Any CPU.ActiveCfg = Release|Any CPU
		{800BC73B-1572-4FF7-AD6F-5ACC759A5BE2}.Release|Any CPU.Build.0 = Release|Any CPU
		{2A0C2468-EFB8-4848-9961-6D81C7DE865B}.Debug|Any CPU.ActiveCfg = Debug|Any CPU
		{2A0C2468-EFB8-4848-9961-6D81C7DE865B}.Debug|Any CPU.Build.0 = Debug|Any CPU
		{2A0C2468-EFB8-4848-9961-6D81C7DE865B}.Release|Any CPU.ActiveCfg = Release|Any CPU
		{2A0C2468-EFB8-4848-9961-6D81C7DE865B}.Release|Any CPU.Build.0 = Release|Any CPU
		{55B1A6B9-A4BE-4D76-A57B-75305597E9F9}.Debug|Any CPU.ActiveCfg = Debug|Any CPU
		{55B1A6B9-A4BE-4D76-A57B-75305597E9F9}.Debug|Any CPU.Build.0 = Debug|Any CPU
		{55B1A6B9-A4BE-4D76-A57B-75305597E9F9}.Release|Any CPU.ActiveCfg = Release|Any CPU
		{55B1A6B9-A4BE-4D76-A57B-75305597E9F9}.Release|Any CPU.Build.0 = Release|Any CPU
		{72FF93CD-90D2-4B44-BE72-A99047B13FD7}.Debug|Any CPU.ActiveCfg = Debug|Any CPU
		{72FF93CD-90D2-4B44-BE72-A99047B13FD7}.Debug|Any CPU.Build.0 = Debug|Any CPU
		{72FF93CD-90D2-4B44-BE72-A99047B13FD7}.Release|Any CPU.ActiveCfg = Release|Any CPU
		{72FF93CD-90D2-4B44-BE72-A99047B13FD7}.Release|Any CPU.Build.0 = Release|Any CPU
		{1F86F54A-4975-48CB-B7A3-B6EBB3048797}.Debug|Any CPU.ActiveCfg = Debug|Any CPU
		{1F86F54A-4975-48CB-B7A3-B6EBB3048797}.Debug|Any CPU.Build.0 = Debug|Any CPU
		{1F86F54A-4975-48CB-B7A3-B6EBB3048797}.Release|Any CPU.ActiveCfg = Release|Any CPU
		{1F86F54A-4975-48CB-B7A3-B6EBB3048797}.Release|Any CPU.Build.0 = Release|Any CPU
		{B9EB4FFF-C53F-4619-B826-AE58CCBA30E8}.Debug|Any CPU.ActiveCfg = Debug|Any CPU
		{B9EB4FFF-C53F-4619-B826-AE58CCBA30E8}.Debug|Any CPU.Build.0 = Debug|Any CPU
		{B9EB4FFF-C53F-4619-B826-AE58CCBA30E8}.Release|Any CPU.ActiveCfg = Release|Any CPU
		{B9EB4FFF-C53F-4619-B826-AE58CCBA30E8}.Release|Any CPU.Build.0 = Release|Any CPU
		{8285CBFB-2588-4D31-9930-95F2455F6F62}.Debug|Any CPU.ActiveCfg = Debug|Any CPU
		{8285CBFB-2588-4D31-9930-95F2455F6F62}.Debug|Any CPU.Build.0 = Debug|Any CPU
		{8285CBFB-2588-4D31-9930-95F2455F6F62}.Release|Any CPU.ActiveCfg = Release|Any CPU
		{8285CBFB-2588-4D31-9930-95F2455F6F62}.Release|Any CPU.Build.0 = Release|Any CPU
		{8E8D5745-80D8-439C-A533-9862B2ABB35A}.Debug|Any CPU.ActiveCfg = Debug|Any CPU
		{8E8D5745-80D8-439C-A533-9862B2ABB35A}.Debug|Any CPU.Build.0 = Debug|Any CPU
		{8E8D5745-80D8-439C-A533-9862B2ABB35A}.Release|Any CPU.ActiveCfg = Release|Any CPU
		{8E8D5745-80D8-439C-A533-9862B2ABB35A}.Release|Any CPU.Build.0 = Release|Any CPU
		{DBD5DDB0-900B-46F9-ABB6-E15F26B989BF}.Debug|Any CPU.ActiveCfg = Debug|Any CPU
		{DBD5DDB0-900B-46F9-ABB6-E15F26B989BF}.Debug|Any CPU.Build.0 = Debug|Any CPU
		{DBD5DDB0-900B-46F9-ABB6-E15F26B989BF}.Release|Any CPU.ActiveCfg = Release|Any CPU
		{DBD5DDB0-900B-46F9-ABB6-E15F26B989BF}.Release|Any CPU.Build.0 = Release|Any CPU
		{DB3175EF-B05C-479E-832A-734586562C41}.Debug|Any CPU.ActiveCfg = Debug|Any CPU
		{DB3175EF-B05C-479E-832A-734586562C41}.Debug|Any CPU.Build.0 = Debug|Any CPU
		{DB3175EF-B05C-479E-832A-734586562C41}.Release|Any CPU.ActiveCfg = Release|Any CPU
		{DB3175EF-B05C-479E-832A-734586562C41}.Release|Any CPU.Build.0 = Release|Any CPU
		{B27465BC-2B16-4284-B3A2-171F122F5B59}.Debug|Any CPU.ActiveCfg = Debug|Any CPU
		{B27465BC-2B16-4284-B3A2-171F122F5B59}.Debug|Any CPU.Build.0 = Debug|Any CPU
		{B27465BC-2B16-4284-B3A2-171F122F5B59}.Release|Any CPU.ActiveCfg = Release|Any CPU
		{B27465BC-2B16-4284-B3A2-171F122F5B59}.Release|Any CPU.Build.0 = Release|Any CPU
		{A6BD2BE4-DA24-496F-9A68-6EDFD9EE74A5}.Debug|Any CPU.ActiveCfg = Debug|Any CPU
		{A6BD2BE4-DA24-496F-9A68-6EDFD9EE74A5}.Debug|Any CPU.Build.0 = Debug|Any CPU
		{A6BD2BE4-DA24-496F-9A68-6EDFD9EE74A5}.Release|Any CPU.ActiveCfg = Release|Any CPU
		{A6BD2BE4-DA24-496F-9A68-6EDFD9EE74A5}.Release|Any CPU.Build.0 = Release|Any CPU
		{8C5E2AAF-A172-45B0-9E07-A5A91F2CD26B}.Debug|Any CPU.ActiveCfg = Debug|Any CPU
		{8C5E2AAF-A172-45B0-9E07-A5A91F2CD26B}.Debug|Any CPU.Build.0 = Debug|Any CPU
		{8C5E2AAF-A172-45B0-9E07-A5A91F2CD26B}.Release|Any CPU.ActiveCfg = Release|Any CPU
		{8C5E2AAF-A172-45B0-9E07-A5A91F2CD26B}.Release|Any CPU.Build.0 = Release|Any CPU
		{03569BDB-6C29-43DE-ADB1-B3622D0BF61C}.Debug|Any CPU.ActiveCfg = Debug|Any CPU
		{03569BDB-6C29-43DE-ADB1-B3622D0BF61C}.Debug|Any CPU.Build.0 = Debug|Any CPU
		{03569BDB-6C29-43DE-ADB1-B3622D0BF61C}.Release|Any CPU.ActiveCfg = Release|Any CPU
		{03569BDB-6C29-43DE-ADB1-B3622D0BF61C}.Release|Any CPU.Build.0 = Release|Any CPU
		{F2A40F36-48D8-4270-BDA8-FD28868BF0EF}.Debug|Any CPU.ActiveCfg = Debug|Any CPU
		{F2A40F36-48D8-4270-BDA8-FD28868BF0EF}.Debug|Any CPU.Build.0 = Debug|Any CPU
		{F2A40F36-48D8-4270-BDA8-FD28868BF0EF}.Release|Any CPU.ActiveCfg = Release|Any CPU
		{F2A40F36-48D8-4270-BDA8-FD28868BF0EF}.Release|Any CPU.Build.0 = Release|Any CPU
		{C69284D3-4016-44F6-BA81-41F85E09F2A5}.Debug|Any CPU.ActiveCfg = Debug|Any CPU
		{C69284D3-4016-44F6-BA81-41F85E09F2A5}.Debug|Any CPU.Build.0 = Debug|Any CPU
		{C69284D3-4016-44F6-BA81-41F85E09F2A5}.Release|Any CPU.ActiveCfg = Release|Any CPU
		{C69284D3-4016-44F6-BA81-41F85E09F2A5}.Release|Any CPU.Build.0 = Release|Any CPU
	EndGlobalSection
	GlobalSection(SolutionProperties) = preSolution
		HideSolutionNode = FALSE
	EndGlobalSection
	GlobalSection(NestedProjects) = preSolution
		{FB98081B-CA4B-461E-9FA3-2F1085E295CB} = {A2BD77B1-9205-41CB-88A9-AA23BAA958B8}
		{AF88642A-CD9E-4DDD-9663-AA2F6B14727F} = {A2BD77B1-9205-41CB-88A9-AA23BAA958B8}
		{F0D38EBF-8EED-4EFD-A3F1-CC1C711551FB} = {FB98081B-CA4B-461E-9FA3-2F1085E295CB}
		{800BC73B-1572-4FF7-AD6F-5ACC759A5BE2} = {AF88642A-CD9E-4DDD-9663-AA2F6B14727F}
		{2A0C2468-EFB8-4848-9961-6D81C7DE865B} = {AF88642A-CD9E-4DDD-9663-AA2F6B14727F}
		{55B1A6B9-A4BE-4D76-A57B-75305597E9F9} = {AF88642A-CD9E-4DDD-9663-AA2F6B14727F}
		{72FF93CD-90D2-4B44-BE72-A99047B13FD7} = {AF88642A-CD9E-4DDD-9663-AA2F6B14727F}
		{1F86F54A-4975-48CB-B7A3-B6EBB3048797} = {FB98081B-CA4B-461E-9FA3-2F1085E295CB}
		{B9EB4FFF-C53F-4619-B826-AE58CCBA30E8} = {FB98081B-CA4B-461E-9FA3-2F1085E295CB}
		{8285CBFB-2588-4D31-9930-95F2455F6F62} = {FB98081B-CA4B-461E-9FA3-2F1085E295CB}
		{8E8D5745-80D8-439C-A533-9862B2ABB35A} = {FB98081B-CA4B-461E-9FA3-2F1085E295CB}
		{DBD5DDB0-900B-46F9-ABB6-E15F26B989BF} = {FB98081B-CA4B-461E-9FA3-2F1085E295CB}
		{DB3175EF-B05C-479E-832A-734586562C41} = {FB98081B-CA4B-461E-9FA3-2F1085E295CB}
		{E70BB15A-D822-48B6-9DBD-E17C84BA9B84} = {A2BD77B1-9205-41CB-88A9-AA23BAA958B8}
		{B27465BC-2B16-4284-B3A2-171F122F5B59} = {FB98081B-CA4B-461E-9FA3-2F1085E295CB}
		{A6BD2BE4-DA24-496F-9A68-6EDFD9EE74A5} = {FB98081B-CA4B-461E-9FA3-2F1085E295CB}
		{8C5E2AAF-A172-45B0-9E07-A5A91F2CD26B} = {A2BD77B1-9205-41CB-88A9-AA23BAA958B8}
		{F56EAE9F-FBF1-4F90-A7D4-86BBEC6D942B} = {1F3B1BD4-5C3A-4042-83A2-5F35DA8F4FBC}
		{03569BDB-6C29-43DE-ADB1-B3622D0BF61C} = {F56EAE9F-FBF1-4F90-A7D4-86BBEC6D942B}
		{F2A40F36-48D8-4270-BDA8-FD28868BF0EF} = {F56EAE9F-FBF1-4F90-A7D4-86BBEC6D942B}
		{C69284D3-4016-44F6-BA81-41F85E09F2A5} = {9356B9C3-71C7-4E68-9C16-FD00085FD8D5}
	EndGlobalSection
	GlobalSection(ExtensibilityGlobals) = postSolution
		SolutionGuid = {A519BFB5-B378-4C0B-B29E-095A0C925278}
	EndGlobalSection
EndGlobal
