
Microsoft Visual Studio Solution File, Format Version 12.00
# Visual Studio Version 16
VisualStudioVersion = 16.0.29709.97
MinimumVisualStudioVersion = 10.0.40219.1
Project("{9A19103F-16F7-4668-BE54-9A1E7A4F7556}") = "Reload", "Reload\Reload.csproj", "{D0148C24-94FC-4A18-BC86-CF9C003CFDA3}"
EndProject
Project("{2150E333-8FDC-42A3-9474-1A3956D46DE8}") = "Engine", "Engine", "{A2BD77B1-9205-41CB-88A9-AA23BAA958B8}"
EndProject
Project("{9A19103F-16F7-4668-BE54-9A1E7A4F7556}") = "Engine.Configuration", "Engine.Configuration\Engine.Configuration.csproj", "{FC84C9C0-DE16-4E1B-B129-EB9615064018}"
EndProject
Project("{2150E333-8FDC-42A3-9474-1A3956D46DE8}") = "Tests", "Tests", "{1F3B1BD4-5C3A-4042-83A2-5F35DA8F4FBC}"
EndProject
Project("{2150E333-8FDC-42A3-9474-1A3956D46DE8}") = "Engine", "Engine", "{7988C6AA-AF9F-4B30-9EF0-62DAF79941F5}"
EndProject
Project("{9A19103F-16F7-4668-BE54-9A1E7A4F7556}") = "Engine.Configuration.Tests", "Engine.Configuration.Tests\Engine.Configuration.Tests.csproj", "{459B9074-2FFF-43A5-82AA-FE98AFCC826D}"
EndProject
Project("{9A19103F-16F7-4668-BE54-9A1E7A4F7556}") = "Engine.Utilities", "Engine.Utilities\Engine.Utilities.csproj", "{D493732D-9761-4EC8-8284-65474A95182E}"
EndProject
Project("{2150E333-8FDC-42A3-9474-1A3956D46DE8}") = "System", "System", "{C3077845-4F14-4822-9F33-FD3DAA231E04}"
EndProject
Project("{9A19103F-16F7-4668-BE54-9A1E7A4F7556}") = "Engine.Audio", "Engine.Audio\Engine.Audio.csproj", "{7ECCF1D8-2804-42E6-BF89-9E5B3FED6663}"
EndProject
Project("{9A19103F-16F7-4668-BE54-9A1E7A4F7556}") = "Engine.Audio.Tests", "Engine.Audio.Tests\Engine.Audio.Tests.csproj", "{670C0A6B-458D-4828-BD64-137381709560}"
EndProject
Project("{9A19103F-16F7-4668-BE54-9A1E7A4F7556}") = "Engine.AssetPipeline", "Engine.AssetPipeline\Engine.AssetPipeline.csproj", "{C30176A4-5C2A-4AB3-8F69-68C3A365C79A}"
EndProject
Project("{9A19103F-16F7-4668-BE54-9A1E7A4F7556}") = "Engine.Graphics", "Engine.Graphics\Engine.Graphics.csproj", "{4D682D92-35CF-4AD7-B85A-FFD09C0C45FB}"
EndProject
Project("{9A19103F-16F7-4668-BE54-9A1E7A4F7556}") = "Engine.Graphics.Tests", "Engine.Graphics.Tests\Engine.Graphics.Tests.csproj", "{4640F07C-06C3-4249-8323-1740E03E0E58}"
EndProject
Project("{9A19103F-16F7-4668-BE54-9A1E7A4F7556}") = "Engine.Input.Tests", "Engine.Input.Tests\Engine.Input.Tests.csproj", "{7206F159-63D0-45C7-8C65-5FEB0583640C}"
EndProject
Project("{2150E333-8FDC-42A3-9474-1A3956D46DE8}") = "System", "System", "{E2B849D7-91C7-4FE1-8048-C25BB5493BFE}"
EndProject
Project("{9A19103F-16F7-4668-BE54-9A1E7A4F7556}") = "Engine.AssetPipeline.Tests", "Engine.AssetPipeline.Tests\Engine.AssetPipeline.Tests.csproj", "{BFEDF70C-1433-40A6-B6F6-E75F1828611C}"
EndProject
Project("{9A19103F-16F7-4668-BE54-9A1E7A4F7556}") = "Engine.Utilities.Tests", "Engine.Utilities.Tests\Engine.Utilities.Tests.csproj", "{E61D690D-E8D3-4D62-A00F-253E19AC0FE0}"
EndProject
Project("{9A19103F-16F7-4668-BE54-9A1E7A4F7556}") = "Engine.Scene", "Engine.Scene\Engine.Scene.csproj", "{C7F28CE6-65CD-4EA7-AEEA-5D6F1A753DAC}"
EndProject
Project("{9A19103F-16F7-4668-BE54-9A1E7A4F7556}") = "Engine.GUI", "Engine.GUI\Engine.GUI.csproj", "{9158EBB6-227F-4799-9767-7E2645A1BB0C}"
EndProject
Project("{9A19103F-16F7-4668-BE54-9A1E7A4F7556}") = "Engine.State", "Engine.State\Engine.State.csproj", "{ED0BD69C-55BC-45DA-A843-EA4F9E9FE96D}"
EndProject
Project("{9A19103F-16F7-4668-BE54-9A1E7A4F7556}") = "Engine.Common", "Engine.Common\Engine.Common.csproj", "{30CF103F-442A-441B-9393-F06BC2BC9F0F}"
EndProject
Project("{9A19103F-16F7-4668-BE54-9A1E7A4F7556}") = "_build", "build\_build.csproj", "{A7DC76C5-964C-4463-8BAD-AFBAB3F07846}"
EndProject
Project("{2150E333-8FDC-42A3-9474-1A3956D46DE8}") = "Games", "Games", "{9356B9C3-71C7-4E68-9C16-FD00085FD8D5}"
EndProject
Project("{2150E333-8FDC-42A3-9474-1A3956D46DE8}") = "Runtime", "Runtime", "{FB98081B-CA4B-461E-9FA3-2F1085E295CB}"
EndProject
Project("{9A19103F-16F7-4668-BE54-9A1E7A4F7556}") = "Reload.Input", "Reload.Input\Reload.Input.csproj", "{A9B29548-3ED5-4D61-8B4C-3956F923D552}"
EndProject
Project("{2150E333-8FDC-42A3-9474-1A3956D46DE8}") = "Core", "Core", "{AF88642A-CD9E-4DDD-9663-AA2F6B14727F}"
EndProject
Project("{9A19103F-16F7-4668-BE54-9A1E7A4F7556}") = "Reload.Core", "Reload.Core\Reload.Core.csproj", "{B56FEF8E-E3B1-439C-A139-25893C638403}"
EndProject
Project("{9A19103F-16F7-4668-BE54-9A1E7A4F7556}") = "Reload.Game", "Reload.Game\Reload.Game.csproj", "{D3D3B425-C206-4A8F-8F47-4BFCE93E59BE}"
EndProject
Project("{9A19103F-16F7-4668-BE54-9A1E7A4F7556}") = "Reload.Engine", "Reload.Engine\Reload.Engine.csproj", "{80DBBA61-9A45-447D-B138-1209E7010B7A}"
EndProject
Project("{9A19103F-16F7-4668-BE54-9A1E7A4F7556}") = "Reload.DataAccess", "Reload.DataAccess\Reload.DataAccess.csproj", "{9AAAEF1B-C19D-43A4-B292-027B782AEB65}"
EndProject
Global
	GlobalSection(SolutionConfigurationPlatforms) = preSolution
		Debug|Any CPU = Debug|Any CPU
		Release|Any CPU = Release|Any CPU
	EndGlobalSection
	GlobalSection(ProjectConfigurationPlatforms) = postSolution
		{D0148C24-94FC-4A18-BC86-CF9C003CFDA3}.Debug|Any CPU.ActiveCfg = Debug|Any CPU
		{D0148C24-94FC-4A18-BC86-CF9C003CFDA3}.Debug|Any CPU.Build.0 = Debug|Any CPU
		{D0148C24-94FC-4A18-BC86-CF9C003CFDA3}.Release|Any CPU.ActiveCfg = Release|Any CPU
		{D0148C24-94FC-4A18-BC86-CF9C003CFDA3}.Release|Any CPU.Build.0 = Release|Any CPU
		{FC84C9C0-DE16-4E1B-B129-EB9615064018}.Debug|Any CPU.ActiveCfg = Debug|Any CPU
		{FC84C9C0-DE16-4E1B-B129-EB9615064018}.Debug|Any CPU.Build.0 = Debug|Any CPU
		{FC84C9C0-DE16-4E1B-B129-EB9615064018}.Release|Any CPU.ActiveCfg = Release|Any CPU
		{FC84C9C0-DE16-4E1B-B129-EB9615064018}.Release|Any CPU.Build.0 = Release|Any CPU
		{459B9074-2FFF-43A5-82AA-FE98AFCC826D}.Debug|Any CPU.ActiveCfg = Debug|Any CPU
		{459B9074-2FFF-43A5-82AA-FE98AFCC826D}.Debug|Any CPU.Build.0 = Debug|Any CPU
		{459B9074-2FFF-43A5-82AA-FE98AFCC826D}.Release|Any CPU.ActiveCfg = Release|Any CPU
		{459B9074-2FFF-43A5-82AA-FE98AFCC826D}.Release|Any CPU.Build.0 = Release|Any CPU
		{D493732D-9761-4EC8-8284-65474A95182E}.Debug|Any CPU.ActiveCfg = Debug|Any CPU
		{D493732D-9761-4EC8-8284-65474A95182E}.Debug|Any CPU.Build.0 = Debug|Any CPU
		{D493732D-9761-4EC8-8284-65474A95182E}.Release|Any CPU.ActiveCfg = Release|Any CPU
		{D493732D-9761-4EC8-8284-65474A95182E}.Release|Any CPU.Build.0 = Release|Any CPU
		{7ECCF1D8-2804-42E6-BF89-9E5B3FED6663}.Debug|Any CPU.ActiveCfg = Debug|Any CPU
		{7ECCF1D8-2804-42E6-BF89-9E5B3FED6663}.Debug|Any CPU.Build.0 = Debug|Any CPU
		{7ECCF1D8-2804-42E6-BF89-9E5B3FED6663}.Release|Any CPU.ActiveCfg = Release|Any CPU
		{7ECCF1D8-2804-42E6-BF89-9E5B3FED6663}.Release|Any CPU.Build.0 = Release|Any CPU
		{670C0A6B-458D-4828-BD64-137381709560}.Debug|Any CPU.ActiveCfg = Debug|Any CPU
		{670C0A6B-458D-4828-BD64-137381709560}.Debug|Any CPU.Build.0 = Debug|Any CPU
		{670C0A6B-458D-4828-BD64-137381709560}.Release|Any CPU.ActiveCfg = Release|Any CPU
		{670C0A6B-458D-4828-BD64-137381709560}.Release|Any CPU.Build.0 = Release|Any CPU
		{C30176A4-5C2A-4AB3-8F69-68C3A365C79A}.Debug|Any CPU.ActiveCfg = Debug|Any CPU
		{C30176A4-5C2A-4AB3-8F69-68C3A365C79A}.Debug|Any CPU.Build.0 = Debug|Any CPU
		{C30176A4-5C2A-4AB3-8F69-68C3A365C79A}.Release|Any CPU.ActiveCfg = Release|Any CPU
		{C30176A4-5C2A-4AB3-8F69-68C3A365C79A}.Release|Any CPU.Build.0 = Release|Any CPU
		{4D682D92-35CF-4AD7-B85A-FFD09C0C45FB}.Debug|Any CPU.ActiveCfg = Debug|Any CPU
		{4D682D92-35CF-4AD7-B85A-FFD09C0C45FB}.Debug|Any CPU.Build.0 = Debug|Any CPU
		{4D682D92-35CF-4AD7-B85A-FFD09C0C45FB}.Release|Any CPU.ActiveCfg = Release|Any CPU
		{4D682D92-35CF-4AD7-B85A-FFD09C0C45FB}.Release|Any CPU.Build.0 = Release|Any CPU
		{4640F07C-06C3-4249-8323-1740E03E0E58}.Debug|Any CPU.ActiveCfg = Debug|Any CPU
		{4640F07C-06C3-4249-8323-1740E03E0E58}.Debug|Any CPU.Build.0 = Debug|Any CPU
		{4640F07C-06C3-4249-8323-1740E03E0E58}.Release|Any CPU.ActiveCfg = Release|Any CPU
		{4640F07C-06C3-4249-8323-1740E03E0E58}.Release|Any CPU.Build.0 = Release|Any CPU
		{7206F159-63D0-45C7-8C65-5FEB0583640C}.Debug|Any CPU.ActiveCfg = Debug|Any CPU
		{7206F159-63D0-45C7-8C65-5FEB0583640C}.Debug|Any CPU.Build.0 = Debug|Any CPU
		{7206F159-63D0-45C7-8C65-5FEB0583640C}.Release|Any CPU.ActiveCfg = Release|Any CPU
		{7206F159-63D0-45C7-8C65-5FEB0583640C}.Release|Any CPU.Build.0 = Release|Any CPU
		{BFEDF70C-1433-40A6-B6F6-E75F1828611C}.Debug|Any CPU.ActiveCfg = Debug|Any CPU
		{BFEDF70C-1433-40A6-B6F6-E75F1828611C}.Debug|Any CPU.Build.0 = Debug|Any CPU
		{BFEDF70C-1433-40A6-B6F6-E75F1828611C}.Release|Any CPU.ActiveCfg = Release|Any CPU
		{BFEDF70C-1433-40A6-B6F6-E75F1828611C}.Release|Any CPU.Build.0 = Release|Any CPU
		{E61D690D-E8D3-4D62-A00F-253E19AC0FE0}.Debug|Any CPU.ActiveCfg = Debug|Any CPU
		{E61D690D-E8D3-4D62-A00F-253E19AC0FE0}.Debug|Any CPU.Build.0 = Debug|Any CPU
		{E61D690D-E8D3-4D62-A00F-253E19AC0FE0}.Release|Any CPU.ActiveCfg = Release|Any CPU
		{E61D690D-E8D3-4D62-A00F-253E19AC0FE0}.Release|Any CPU.Build.0 = Release|Any CPU
		{C7F28CE6-65CD-4EA7-AEEA-5D6F1A753DAC}.Debug|Any CPU.ActiveCfg = Debug|Any CPU
		{C7F28CE6-65CD-4EA7-AEEA-5D6F1A753DAC}.Debug|Any CPU.Build.0 = Debug|Any CPU
		{C7F28CE6-65CD-4EA7-AEEA-5D6F1A753DAC}.Release|Any CPU.ActiveCfg = Release|Any CPU
		{C7F28CE6-65CD-4EA7-AEEA-5D6F1A753DAC}.Release|Any CPU.Build.0 = Release|Any CPU
		{9158EBB6-227F-4799-9767-7E2645A1BB0C}.Debug|Any CPU.ActiveCfg = Debug|Any CPU
		{9158EBB6-227F-4799-9767-7E2645A1BB0C}.Debug|Any CPU.Build.0 = Debug|Any CPU
		{9158EBB6-227F-4799-9767-7E2645A1BB0C}.Release|Any CPU.ActiveCfg = Release|Any CPU
		{9158EBB6-227F-4799-9767-7E2645A1BB0C}.Release|Any CPU.Build.0 = Release|Any CPU
		{ED0BD69C-55BC-45DA-A843-EA4F9E9FE96D}.Debug|Any CPU.ActiveCfg = Debug|Any CPU
		{ED0BD69C-55BC-45DA-A843-EA4F9E9FE96D}.Debug|Any CPU.Build.0 = Debug|Any CPU
		{ED0BD69C-55BC-45DA-A843-EA4F9E9FE96D}.Release|Any CPU.ActiveCfg = Release|Any CPU
		{ED0BD69C-55BC-45DA-A843-EA4F9E9FE96D}.Release|Any CPU.Build.0 = Release|Any CPU
		{30CF103F-442A-441B-9393-F06BC2BC9F0F}.Debug|Any CPU.ActiveCfg = Debug|Any CPU
		{30CF103F-442A-441B-9393-F06BC2BC9F0F}.Debug|Any CPU.Build.0 = Debug|Any CPU
		{30CF103F-442A-441B-9393-F06BC2BC9F0F}.Release|Any CPU.ActiveCfg = Release|Any CPU
		{30CF103F-442A-441B-9393-F06BC2BC9F0F}.Release|Any CPU.Build.0 = Release|Any CPU
		{A7DC76C5-964C-4463-8BAD-AFBAB3F07846}.Debug|Any CPU.ActiveCfg = Debug|Any CPU
		{A7DC76C5-964C-4463-8BAD-AFBAB3F07846}.Release|Any CPU.ActiveCfg = Release|Any CPU
		{A9B29548-3ED5-4D61-8B4C-3956F923D552}.Debug|Any CPU.ActiveCfg = Debug|Any CPU
		{A9B29548-3ED5-4D61-8B4C-3956F923D552}.Debug|Any CPU.Build.0 = Debug|Any CPU
		{A9B29548-3ED5-4D61-8B4C-3956F923D552}.Release|Any CPU.ActiveCfg = Release|Any CPU
		{A9B29548-3ED5-4D61-8B4C-3956F923D552}.Release|Any CPU.Build.0 = Release|Any CPU
		{B56FEF8E-E3B1-439C-A139-25893C638403}.Debug|Any CPU.ActiveCfg = Debug|Any CPU
		{B56FEF8E-E3B1-439C-A139-25893C638403}.Debug|Any CPU.Build.0 = Debug|Any CPU
		{B56FEF8E-E3B1-439C-A139-25893C638403}.Release|Any CPU.ActiveCfg = Release|Any CPU
		{B56FEF8E-E3B1-439C-A139-25893C638403}.Release|Any CPU.Build.0 = Release|Any CPU
		{D3D3B425-C206-4A8F-8F47-4BFCE93E59BE}.Debug|Any CPU.ActiveCfg = Debug|Any CPU
		{D3D3B425-C206-4A8F-8F47-4BFCE93E59BE}.Debug|Any CPU.Build.0 = Debug|Any CPU
		{D3D3B425-C206-4A8F-8F47-4BFCE93E59BE}.Release|Any CPU.ActiveCfg = Release|Any CPU
		{D3D3B425-C206-4A8F-8F47-4BFCE93E59BE}.Release|Any CPU.Build.0 = Release|Any CPU
		{80DBBA61-9A45-447D-B138-1209E7010B7A}.Debug|Any CPU.ActiveCfg = Debug|Any CPU
		{80DBBA61-9A45-447D-B138-1209E7010B7A}.Debug|Any CPU.Build.0 = Debug|Any CPU
		{80DBBA61-9A45-447D-B138-1209E7010B7A}.Release|Any CPU.ActiveCfg = Release|Any CPU
		{80DBBA61-9A45-447D-B138-1209E7010B7A}.Release|Any CPU.Build.0 = Release|Any CPU
		{9AAAEF1B-C19D-43A4-B292-027B782AEB65}.Debug|Any CPU.ActiveCfg = Debug|Any CPU
		{9AAAEF1B-C19D-43A4-B292-027B782AEB65}.Debug|Any CPU.Build.0 = Debug|Any CPU
		{9AAAEF1B-C19D-43A4-B292-027B782AEB65}.Release|Any CPU.ActiveCfg = Release|Any CPU
		{9AAAEF1B-C19D-43A4-B292-027B782AEB65}.Release|Any CPU.Build.0 = Release|Any CPU
	EndGlobalSection
	GlobalSection(SolutionProperties) = preSolution
		HideSolutionNode = FALSE
	EndGlobalSection
	GlobalSection(NestedProjects) = preSolution
		{D0148C24-94FC-4A18-BC86-CF9C003CFDA3} = {9356B9C3-71C7-4E68-9C16-FD00085FD8D5}
		{FC84C9C0-DE16-4E1B-B129-EB9615064018} = {A2BD77B1-9205-41CB-88A9-AA23BAA958B8}
		{7988C6AA-AF9F-4B30-9EF0-62DAF79941F5} = {1F3B1BD4-5C3A-4042-83A2-5F35DA8F4FBC}
		{459B9074-2FFF-43A5-82AA-FE98AFCC826D} = {7988C6AA-AF9F-4B30-9EF0-62DAF79941F5}
		{D493732D-9761-4EC8-8284-65474A95182E} = {A2BD77B1-9205-41CB-88A9-AA23BAA958B8}
		{C3077845-4F14-4822-9F33-FD3DAA231E04} = {A2BD77B1-9205-41CB-88A9-AA23BAA958B8}
		{7ECCF1D8-2804-42E6-BF89-9E5B3FED6663} = {C3077845-4F14-4822-9F33-FD3DAA231E04}
		{670C0A6B-458D-4828-BD64-137381709560} = {E2B849D7-91C7-4FE1-8048-C25BB5493BFE}
		{C30176A4-5C2A-4AB3-8F69-68C3A365C79A} = {A2BD77B1-9205-41CB-88A9-AA23BAA958B8}
		{4D682D92-35CF-4AD7-B85A-FFD09C0C45FB} = {C3077845-4F14-4822-9F33-FD3DAA231E04}
		{4640F07C-06C3-4249-8323-1740E03E0E58} = {E2B849D7-91C7-4FE1-8048-C25BB5493BFE}
		{7206F159-63D0-45C7-8C65-5FEB0583640C} = {E2B849D7-91C7-4FE1-8048-C25BB5493BFE}
		{E2B849D7-91C7-4FE1-8048-C25BB5493BFE} = {7988C6AA-AF9F-4B30-9EF0-62DAF79941F5}
		{BFEDF70C-1433-40A6-B6F6-E75F1828611C} = {7988C6AA-AF9F-4B30-9EF0-62DAF79941F5}
		{E61D690D-E8D3-4D62-A00F-253E19AC0FE0} = {7988C6AA-AF9F-4B30-9EF0-62DAF79941F5}
		{C7F28CE6-65CD-4EA7-AEEA-5D6F1A753DAC} = {A2BD77B1-9205-41CB-88A9-AA23BAA958B8}
		{9158EBB6-227F-4799-9767-7E2645A1BB0C} = {A2BD77B1-9205-41CB-88A9-AA23BAA958B8}
		{ED0BD69C-55BC-45DA-A843-EA4F9E9FE96D} = {A2BD77B1-9205-41CB-88A9-AA23BAA958B8}
		{30CF103F-442A-441B-9393-F06BC2BC9F0F} = {A2BD77B1-9205-41CB-88A9-AA23BAA958B8}
		{FB98081B-CA4B-461E-9FA3-2F1085E295CB} = {A2BD77B1-9205-41CB-88A9-AA23BAA958B8}
		{A9B29548-3ED5-4D61-8B4C-3956F923D552} = {FB98081B-CA4B-461E-9FA3-2F1085E295CB}
		{AF88642A-CD9E-4DDD-9663-AA2F6B14727F} = {A2BD77B1-9205-41CB-88A9-AA23BAA958B8}
		{B56FEF8E-E3B1-439C-A139-25893C638403} = {AF88642A-CD9E-4DDD-9663-AA2F6B14727F}
		{D3D3B425-C206-4A8F-8F47-4BFCE93E59BE} = {FB98081B-CA4B-461E-9FA3-2F1085E295CB}
		{80DBBA61-9A45-447D-B138-1209E7010B7A} = {FB98081B-CA4B-461E-9FA3-2F1085E295CB}
		{9AAAEF1B-C19D-43A4-B292-027B782AEB65} = {AF88642A-CD9E-4DDD-9663-AA2F6B14727F}
	EndGlobalSection
	GlobalSection(ExtensibilityGlobals) = postSolution
		SolutionGuid = {A519BFB5-B378-4C0B-B29E-095A0C925278}
	EndGlobalSection
EndGlobal
